
Microsoft Visual Studio Solution File, Format Version 12.00
# Visual Studio Version 16
VisualStudioVersion = 16.0.30523.141
MinimumVisualStudioVersion = 10.0.40219.1
Project("{FAE04EC0-301F-11D3-BF4B-00C04F79EFBC}") = "CS_ASP_025", "CS_ASP_025.csproj", "{584FBC7F-E01B-4A7B-8F77-5029B55AC6D4}"
EndProject
Global
	GlobalSection(SolutionConfigurationPlatforms) = preSolution
		Debug|Any CPU = Debug|Any CPU
		Release|Any CPU = Release|Any CPU
	EndGlobalSection
	GlobalSection(ProjectConfigurationPlatforms) = postSolution
		{584FBC7F-E01B-4A7B-8F77-5029B55AC6D4}.Debug|Any CPU.ActiveCfg = Debug|Any CPU
		{584FBC7F-E01B-4A7B-8F77-5029B55AC6D4}.Debug|Any CPU.Build.0 = Debug|Any CPU
		{584FBC7F-E01B-4A7B-8F77-5029B55AC6D4}.Release|Any CPU.ActiveCfg = Release|Any CPU
		{584FBC7F-E01B-4A7B-8F77-5029B55AC6D4}.Release|Any CPU.Build.0 = Release|Any CPU
	EndGlobalSection
	GlobalSection(SolutionProperties) = preSolution
		HideSolutionNode = FALSE
	EndGlobalSection
	GlobalSection(ExtensibilityGlobals) = postSolution
		SolutionGuid = {FA14846A-7C4B-4D95-B2D7-3923992BF4EB}
	EndGlobalSection
EndGlobal
